
Microsoft Visual Studio Solution File, Format Version 12.00
# Visual Studio 15
Project("{FAE04EC0-301F-11D3-BF4B-00C04F79EFBC}") = "Assembly-CSharp-Editor", "Assembly-CSharp-Editor.csproj", "{D297AFAC-9FE8-8A5D-7ABC-00185281E52C}"
EndProject
Project("{FAE04EC0-301F-11D3-BF4B-00C04F79EFBC}") = "Assembly-CSharp", "Assembly-CSharp.csproj", "{334891AE-F7B3-81C1-4881-F55536951E37}"
EndProject
Global
	GlobalSection(SolutionConfigurationPlatforms) = preSolution
		Debug|Any CPU = Debug|Any CPU
		Release|Any CPU = Release|Any CPU
	EndGlobalSection
	GlobalSection(ProjectConfigurationPlatforms) = postSolution
		{D297AFAC-9FE8-8A5D-7ABC-00185281E52C}.Debug|Any CPU.ActiveCfg = Debug|Any CPU
		{D297AFAC-9FE8-8A5D-7ABC-00185281E52C}.Debug|Any CPU.Build.0 = Debug|Any CPU
		{D297AFAC-9FE8-8A5D-7ABC-00185281E52C}.Release|Any CPU.ActiveCfg = Release|Any CPU
		{D297AFAC-9FE8-8A5D-7ABC-00185281E52C}.Release|Any CPU.Build.0 = Release|Any CPU
		{334891AE-F7B3-81C1-4881-F55536951E37}.Debug|Any CPU.ActiveCfg = Debug|Any CPU
		{334891AE-F7B3-81C1-4881-F55536951E37}.Debug|Any CPU.Build.0 = Debug|Any CPU
		{334891AE-F7B3-81C1-4881-F55536951E37}.Release|Any CPU.ActiveCfg = Release|Any CPU
		{334891AE-F7B3-81C1-4881-F55536951E37}.Release|Any CPU.Build.0 = Release|Any CPU
	EndGlobalSection
	GlobalSection(SolutionProperties) = preSolution
		HideSolutionNode = FALSE
	EndGlobalSection
EndGlobal
